// !$*UTF8*$!
{
	archiveVersion = 1;
	classes = {
	};
	objectVersion = 55;
	objects = {

/* Begin PBXBuildFile section */
		3AC63BA2275FAF8C009F21B0 /* LandmarksApp.swift in Sources */ = {isa = PBXBuildFile; fileRef = 3AC63BA1275FAF8C009F21B0 /* LandmarksApp.swift */; };
		3AC63BA4275FAF8C009F21B0 /* ContentView.swift in Sources */ = {isa = PBXBuildFile; fileRef = 3AC63BA3275FAF8C009F21B0 /* ContentView.swift */; };
		3AC63BA6275FAF91009F21B0 /* Assets.xcassets in Resources */ = {isa = PBXBuildFile; fileRef = 3AC63BA5275FAF91009F21B0 /* Assets.xcassets */; };
		3AC63BA9275FAF91009F21B0 /* Preview Assets.xcassets in Resources */ = {isa = PBXBuildFile; fileRef = 3AC63BA8275FAF91009F21B0 /* Preview Assets.xcassets */; };
		3AC63BB3275FAF92009F21B0 /* LandmarksTests.swift in Sources */ = {isa = PBXBuildFile; fileRef = 3AC63BB2275FAF92009F21B0 /* LandmarksTests.swift */; };
		3AC63BBD275FAF92009F21B0 /* LandmarksUITests.swift in Sources */ = {isa = PBXBuildFile; fileRef = 3AC63BBC275FAF92009F21B0 /* LandmarksUITests.swift */; };
		3AC63BBF275FAF92009F21B0 /* LandmarksUITestsLaunchTests.swift in Sources */ = {isa = PBXBuildFile; fileRef = 3AC63BBE275FAF92009F21B0 /* LandmarksUITestsLaunchTests.swift */; };
		3AC63BCE275FE32E009F21B0 /* CircleImage.swift in Sources */ = {isa = PBXBuildFile; fileRef = 3AC63BCD275FE32E009F21B0 /* CircleImage.swift */; };
		3AC63BD0275FF7E7009F21B0 /* Mapview.swift in Sources */ = {isa = PBXBuildFile; fileRef = 3AC63BCF275FF7E7009F21B0 /* Mapview.swift */; };
		3AC63BD2276001D8009F21B0 /* Landmark.swift in Sources */ = {isa = PBXBuildFile; fileRef = 3AC63BD1276001D8009F21B0 /* Landmark.swift */; };
		3AC63BD4276003A0009F21B0 /*  ModelData.swift in Sources */ = {isa = PBXBuildFile; fileRef = 3AC63BD3276003A0009F21B0 /*  ModelData.swift */; };
		3AC63BD927600537009F21B0 /* landmarkData.json in Resources */ = {isa = PBXBuildFile; fileRef = 3AC63BD827600537009F21B0 /* landmarkData.json */; };
		3AC63BDD276005DF009F21B0 /*  LandmarkRow.swift in Sources */ = {isa = PBXBuildFile; fileRef = 3AC63BDC276005DF009F21B0 /*  LandmarkRow.swift */; };
		3AC63BDF27600915009F21B0 /* LandmarkList.swift in Sources */ = {isa = PBXBuildFile; fileRef = 3AC63BDE27600915009F21B0 /* LandmarkList.swift */; };
		3AC63BE127600D63009F21B0 /* LandmarkDetail.swift in Sources */ = {isa = PBXBuildFile; fileRef = 3AC63BE027600D63009F21B0 /* LandmarkDetail.swift */; };
		3AC63BE32760D813009F21B0 /* FavoriteButton.swift in Sources */ = {isa = PBXBuildFile; fileRef = 3AC63BE22760D813009F21B0 /* FavoriteButton.swift */; };
		3AC63BE92760E5D8009F21B0 /* HexagonParameters.swift in Sources */ = {isa = PBXBuildFile; fileRef = 3AC63BE82760E5D8009F21B0 /* HexagonParameters.swift */; };
		3AC63BEB2760E681009F21B0 /* BadgeBackground.swift in Sources */ = {isa = PBXBuildFile; fileRef = 3AC63BEA2760E681009F21B0 /* BadgeBackground.swift */; };
		3AC63BED2760E909009F21B0 /* BadgeSymbol.swift in Sources */ = {isa = PBXBuildFile; fileRef = 3AC63BEC2760E909009F21B0 /* BadgeSymbol.swift */; };
		3AC63BEF2760E9A8009F21B0 /* RotatedBadgeSymbol.swift in Sources */ = {isa = PBXBuildFile; fileRef = 3AC63BEE2760E9A8009F21B0 /* RotatedBadgeSymbol.swift */; };
		3AC63BF12760EA14009F21B0 /* Badge.swift in Sources */ = {isa = PBXBuildFile; fileRef = 3AC63BF02760EA14009F21B0 /* Badge.swift */; };
/* End PBXBuildFile section */

/* Begin PBXContainerItemProxy section */
		3AC63BAF275FAF92009F21B0 /* PBXContainerItemProxy */ = {
			isa = PBXContainerItemProxy;
			containerPortal = 3AC63B96275FAF8C009F21B0 /* Project object */;
			proxyType = 1;
			remoteGlobalIDString = 3AC63B9D275FAF8C009F21B0;
			remoteInfo = Landmarks;
		};
		3AC63BB9275FAF92009F21B0 /* PBXContainerItemProxy */ = {
			isa = PBXContainerItemProxy;
			containerPortal = 3AC63B96275FAF8C009F21B0 /* Project object */;
			proxyType = 1;
			remoteGlobalIDString = 3AC63B9D275FAF8C009F21B0;
			remoteInfo = Landmarks;
		};
/* End PBXContainerItemProxy section */

/* Begin PBXFileReference section */
		3AC63B9E275FAF8C009F21B0 /* Landmarks.app */ = {isa = PBXFileReference; explicitFileType = wrapper.application; includeInIndex = 0; path = Landmarks.app; sourceTree = BUILT_PRODUCTS_DIR; };
		3AC63BA1275FAF8C009F21B0 /* LandmarksApp.swift */ = {isa = PBXFileReference; lastKnownFileType = sourcecode.swift; path = LandmarksApp.swift; sourceTree = "<group>"; };
		3AC63BA3275FAF8C009F21B0 /* ContentView.swift */ = {isa = PBXFileReference; lastKnownFileType = sourcecode.swift; path = ContentView.swift; sourceTree = "<group>"; };
		3AC63BA5275FAF91009F21B0 /* Assets.xcassets */ = {isa = PBXFileReference; lastKnownFileType = folder.assetcatalog; path = Assets.xcassets; sourceTree = "<group>"; };
		3AC63BA8275FAF91009F21B0 /* Preview Assets.xcassets */ = {isa = PBXFileReference; lastKnownFileType = folder.assetcatalog; path = "Preview Assets.xcassets"; sourceTree = "<group>"; };
		3AC63BAE275FAF92009F21B0 /* LandmarksTests.xctest */ = {isa = PBXFileReference; explicitFileType = wrapper.cfbundle; includeInIndex = 0; path = LandmarksTests.xctest; sourceTree = BUILT_PRODUCTS_DIR; };
		3AC63BB2275FAF92009F21B0 /* LandmarksTests.swift */ = {isa = PBXFileReference; lastKnownFileType = sourcecode.swift; path = LandmarksTests.swift; sourceTree = "<group>"; };
		3AC63BB8275FAF92009F21B0 /* LandmarksUITests.xctest */ = {isa = PBXFileReference; explicitFileType = wrapper.cfbundle; includeInIndex = 0; path = LandmarksUITests.xctest; sourceTree = BUILT_PRODUCTS_DIR; };
		3AC63BBC275FAF92009F21B0 /* LandmarksUITests.swift */ = {isa = PBXFileReference; lastKnownFileType = sourcecode.swift; path = LandmarksUITests.swift; sourceTree = "<group>"; };
		3AC63BBE275FAF92009F21B0 /* LandmarksUITestsLaunchTests.swift */ = {isa = PBXFileReference; lastKnownFileType = sourcecode.swift; path = LandmarksUITestsLaunchTests.swift; sourceTree = "<group>"; };
		3AC63BCD275FE32E009F21B0 /* CircleImage.swift */ = {isa = PBXFileReference; lastKnownFileType = sourcecode.swift; path = CircleImage.swift; sourceTree = "<group>"; };
		3AC63BCF275FF7E7009F21B0 /* Mapview.swift */ = {isa = PBXFileReference; lastKnownFileType = sourcecode.swift; path = Mapview.swift; sourceTree = "<group>"; };
		3AC63BD1276001D8009F21B0 /* Landmark.swift */ = {isa = PBXFileReference; lastKnownFileType = sourcecode.swift; path = Landmark.swift; sourceTree = "<group>"; };
		3AC63BD3276003A0009F21B0 /*  ModelData.swift */ = {isa = PBXFileReference; lastKnownFileType = sourcecode.swift; path = " ModelData.swift"; sourceTree = "<group>"; };
		3AC63BD827600537009F21B0 /* landmarkData.json */ = {isa = PBXFileReference; fileEncoding = 4; lastKnownFileType = text.json; path = landmarkData.json; sourceTree = "<group>"; };
		3AC63BDC276005DF009F21B0 /*  LandmarkRow.swift */ = {isa = PBXFileReference; lastKnownFileType = sourcecode.swift; path = " LandmarkRow.swift"; sourceTree = "<group>"; };
		3AC63BDE27600915009F21B0 /* LandmarkList.swift */ = {isa = PBXFileReference; lastKnownFileType = sourcecode.swift; path = LandmarkList.swift; sourceTree = "<group>"; };
		3AC63BE027600D63009F21B0 /* LandmarkDetail.swift */ = {isa = PBXFileReference; lastKnownFileType = sourcecode.swift; path = LandmarkDetail.swift; sourceTree = "<group>"; };
		3AC63BE22760D813009F21B0 /* FavoriteButton.swift */ = {isa = PBXFileReference; lastKnownFileType = sourcecode.swift; path = FavoriteButton.swift; sourceTree = "<group>"; };
		3AC63BE82760E5D8009F21B0 /* HexagonParameters.swift */ = {isa = PBXFileReference; lastKnownFileType = sourcecode.swift; path = HexagonParameters.swift; sourceTree = "<group>"; };
		3AC63BEA2760E681009F21B0 /* BadgeBackground.swift */ = {isa = PBXFileReference; lastKnownFileType = sourcecode.swift; path = BadgeBackground.swift; sourceTree = "<group>"; };
		3AC63BEC2760E909009F21B0 /* BadgeSymbol.swift */ = {isa = PBXFileReference; lastKnownFileType = sourcecode.swift; path = BadgeSymbol.swift; sourceTree = "<group>"; };
		3AC63BEE2760E9A8009F21B0 /* RotatedBadgeSymbol.swift */ = {isa = PBXFileReference; lastKnownFileType = sourcecode.swift; path = RotatedBadgeSymbol.swift; sourceTree = "<group>"; };
		3AC63BF02760EA14009F21B0 /* Badge.swift */ = {isa = PBXFileReference; lastKnownFileType = sourcecode.swift; path = Badge.swift; sourceTree = "<group>"; };
/* End PBXFileReference section */

/* Begin PBXFrameworksBuildPhase section */
		3AC63B9B275FAF8C009F21B0 /* Frameworks */ = {
			isa = PBXFrameworksBuildPhase;
			buildActionMask = 2147483647;
			files = (
			);
			runOnlyForDeploymentPostprocessing = 0;
		};
		3AC63BAB275FAF92009F21B0 /* Frameworks */ = {
			isa = PBXFrameworksBuildPhase;
			buildActionMask = 2147483647;
			files = (
			);
			runOnlyForDeploymentPostprocessing = 0;
		};
		3AC63BB5275FAF92009F21B0 /* Frameworks */ = {
			isa = PBXFrameworksBuildPhase;
			buildActionMask = 2147483647;
			files = (
			);
			runOnlyForDeploymentPostprocessing = 0;
		};
/* End PBXFrameworksBuildPhase section */

/* Begin PBXGroup section */
		3AC63B95275FAF8C009F21B0 = {
			isa = PBXGroup;
			children = (
				3AC63BA0275FAF8C009F21B0 /* Landmarks */,
				3AC63BB1275FAF92009F21B0 /* LandmarksTests */,
				3AC63BBB275FAF92009F21B0 /* LandmarksUITests */,
				3AC63B9F275FAF8C009F21B0 /* Products */,
			);
			sourceTree = "<group>";
		};
		3AC63B9F275FAF8C009F21B0 /* Products */ = {
			isa = PBXGroup;
			children = (
				3AC63B9E275FAF8C009F21B0 /* Landmarks.app */,
				3AC63BAE275FAF92009F21B0 /* LandmarksTests.xctest */,
				3AC63BB8275FAF92009F21B0 /* LandmarksUITests.xctest */,
			);
			name = Products;
			sourceTree = "<group>";
		};
		3AC63BA0275FAF8C009F21B0 /* Landmarks */ = {
			isa = PBXGroup;
			children = (
				3AC63BF22760EA77009F21B0 /* Badge */,
				3AC63BE52760D92A009F21B0 /* Landmarks */,
				3AC63BE42760D90E009F21B0 /* Helpers */,
				3AC63BD72760049F009F21B0 /* Ressources */,
				3AC63BD627600492009F21B0 /* Model */,
				3AC63BD527600478009F21B0 /* Views */,
				3AC63BA1275FAF8C009F21B0 /* LandmarksApp.swift */,
				3AC63BA5275FAF91009F21B0 /* Assets.xcassets */,
				3AC63BA7275FAF91009F21B0 /* Preview Content */,
			);
			path = Landmarks;
			sourceTree = "<group>";
		};
		3AC63BA7275FAF91009F21B0 /* Preview Content */ = {
			isa = PBXGroup;
			children = (
				3AC63BA8275FAF91009F21B0 /* Preview Assets.xcassets */,
			);
			path = "Preview Content";
			sourceTree = "<group>";
		};
		3AC63BB1275FAF92009F21B0 /* LandmarksTests */ = {
			isa = PBXGroup;
			children = (
				3AC63BB2275FAF92009F21B0 /* LandmarksTests.swift */,
			);
			path = LandmarksTests;
			sourceTree = "<group>";
		};
		3AC63BBB275FAF92009F21B0 /* LandmarksUITests */ = {
			isa = PBXGroup;
			children = (
				3AC63BBC275FAF92009F21B0 /* LandmarksUITests.swift */,
				3AC63BBE275FAF92009F21B0 /* LandmarksUITestsLaunchTests.swift */,
			);
			path = LandmarksUITests;
			sourceTree = "<group>";
		};
		3AC63BD527600478009F21B0 /* Views */ = {
			isa = PBXGroup;
			children = (
				3AC63BA3275FAF8C009F21B0 /* ContentView.swift */,
			);
			path = Views;
			sourceTree = "<group>";
		};
		3AC63BD627600492009F21B0 /* Model */ = {
			isa = PBXGroup;
			children = (
				3AC63BD3276003A0009F21B0 /*  ModelData.swift */,
				3AC63BD1276001D8009F21B0 /* Landmark.swift */,
			);
			path = Model;
			sourceTree = "<group>";
		};
		3AC63BD72760049F009F21B0 /* Ressources */ = {
			isa = PBXGroup;
			children = (
				3AC63BD827600537009F21B0 /* landmarkData.json */,
			);
			path = Ressources;
			sourceTree = "<group>";
		};
		3AC63BE42760D90E009F21B0 /* Helpers */ = {
			isa = PBXGroup;
			children = (
				3AC63BCD275FE32E009F21B0 /* CircleImage.swift */,
				3AC63BCF275FF7E7009F21B0 /* Mapview.swift */,
				3AC63BE22760D813009F21B0 /* FavoriteButton.swift */,
			);
			path = Helpers;
			sourceTree = "<group>";
		};
		3AC63BE52760D92A009F21B0 /* Landmarks */ = {
			isa = PBXGroup;
			children = (
				3AC63BDC276005DF009F21B0 /*  LandmarkRow.swift */,
				3AC63BE027600D63009F21B0 /* LandmarkDetail.swift */,
				3AC63BDE27600915009F21B0 /* LandmarkList.swift */,
			);
			path = Landmarks;
			sourceTree = "<group>";
		};
		3AC63BF22760EA77009F21B0 /* Badge */ = {
			isa = PBXGroup;
			children = (
				3AC63BEC2760E909009F21B0 /* BadgeSymbol.swift */,
				3AC63BEE2760E9A8009F21B0 /* RotatedBadgeSymbol.swift */,
				3AC63BE82760E5D8009F21B0 /* HexagonParameters.swift */,
				3AC63BF02760EA14009F21B0 /* Badge.swift */,
				3AC63BEA2760E681009F21B0 /* BadgeBackground.swift */,
			);
			path = Badge;
			sourceTree = "<group>";
		};
/* End PBXGroup section */

/* Begin PBXNativeTarget section */
		3AC63B9D275FAF8C009F21B0 /* Landmarks */ = {
			isa = PBXNativeTarget;
			buildConfigurationList = 3AC63BC2275FAF92009F21B0 /* Build configuration list for PBXNativeTarget "Landmarks" */;
			buildPhases = (
				3AC63B9A275FAF8C009F21B0 /* Sources */,
				3AC63B9B275FAF8C009F21B0 /* Frameworks */,
				3AC63B9C275FAF8C009F21B0 /* Resources */,
			);
			buildRules = (
			);
			dependencies = (
			);
			name = Landmarks;
			productName = Landmarks;
			productReference = 3AC63B9E275FAF8C009F21B0 /* Landmarks.app */;
			productType = "com.apple.product-type.application";
		};
		3AC63BAD275FAF92009F21B0 /* LandmarksTests */ = {
			isa = PBXNativeTarget;
			buildConfigurationList = 3AC63BC5275FAF92009F21B0 /* Build configuration list for PBXNativeTarget "LandmarksTests" */;
			buildPhases = (
				3AC63BAA275FAF92009F21B0 /* Sources */,
				3AC63BAB275FAF92009F21B0 /* Frameworks */,
				3AC63BAC275FAF92009F21B0 /* Resources */,
			);
			buildRules = (
			);
			dependencies = (
				3AC63BB0275FAF92009F21B0 /* PBXTargetDependency */,
			);
			name = LandmarksTests;
			productName = LandmarksTests;
			productReference = 3AC63BAE275FAF92009F21B0 /* LandmarksTests.xctest */;
			productType = "com.apple.product-type.bundle.unit-test";
		};
		3AC63BB7275FAF92009F21B0 /* LandmarksUITests */ = {
			isa = PBXNativeTarget;
			buildConfigurationList = 3AC63BC8275FAF92009F21B0 /* Build configuration list for PBXNativeTarget "LandmarksUITests" */;
			buildPhases = (
				3AC63BB4275FAF92009F21B0 /* Sources */,
				3AC63BB5275FAF92009F21B0 /* Frameworks */,
				3AC63BB6275FAF92009F21B0 /* Resources */,
			);
			buildRules = (
			);
			dependencies = (
				3AC63BBA275FAF92009F21B0 /* PBXTargetDependency */,
			);
			name = LandmarksUITests;
			productName = LandmarksUITests;
			productReference = 3AC63BB8275FAF92009F21B0 /* LandmarksUITests.xctest */;
			productType = "com.apple.product-type.bundle.ui-testing";
		};
/* End PBXNativeTarget section */

/* Begin PBXProject section */
		3AC63B96275FAF8C009F21B0 /* Project object */ = {
			isa = PBXProject;
			attributes = {
				BuildIndependentTargetsInParallel = 1;
				LastSwiftUpdateCheck = 1310;
				LastUpgradeCheck = 1310;
				TargetAttributes = {
					3AC63B9D275FAF8C009F21B0 = {
						CreatedOnToolsVersion = 13.1;
					};
					3AC63BAD275FAF92009F21B0 = {
						CreatedOnToolsVersion = 13.1;
						TestTargetID = 3AC63B9D275FAF8C009F21B0;
					};
					3AC63BB7275FAF92009F21B0 = {
						CreatedOnToolsVersion = 13.1;
						TestTargetID = 3AC63B9D275FAF8C009F21B0;
					};
				};
			};
			buildConfigurationList = 3AC63B99275FAF8C009F21B0 /* Build configuration list for PBXProject "Landmarks" */;
			compatibilityVersion = "Xcode 13.0";
			developmentRegion = en;
			hasScannedForEncodings = 0;
			knownRegions = (
				en,
				Base,
			);
			mainGroup = 3AC63B95275FAF8C009F21B0;
			productRefGroup = 3AC63B9F275FAF8C009F21B0 /* Products */;
			projectDirPath = "";
			projectRoot = "";
			targets = (
				3AC63B9D275FAF8C009F21B0 /* Landmarks */,
				3AC63BAD275FAF92009F21B0 /* LandmarksTests */,
				3AC63BB7275FAF92009F21B0 /* LandmarksUITests */,
			);
		};
/* End PBXProject section */

/* Begin PBXResourcesBuildPhase section */
		3AC63B9C275FAF8C009F21B0 /* Resources */ = {
			isa = PBXResourcesBuildPhase;
			buildActionMask = 2147483647;
			files = (
				3AC63BA9275FAF91009F21B0 /* Preview Assets.xcassets in Resources */,
				3AC63BA6275FAF91009F21B0 /* Assets.xcassets in Resources */,
				3AC63BD927600537009F21B0 /* landmarkData.json in Resources */,
			);
			runOnlyForDeploymentPostprocessing = 0;
		};
		3AC63BAC275FAF92009F21B0 /* Resources */ = {
			isa = PBXResourcesBuildPhase;
			buildActionMask = 2147483647;
			files = (
			);
			runOnlyForDeploymentPostprocessing = 0;
		};
		3AC63BB6275FAF92009F21B0 /* Resources */ = {
			isa = PBXResourcesBuildPhase;
			buildActionMask = 2147483647;
			files = (
			);
			runOnlyForDeploymentPostprocessing = 0;
		};
/* End PBXResourcesBuildPhase section */

/* Begin PBXSourcesBuildPhase section */
		3AC63B9A275FAF8C009F21B0 /* Sources */ = {
			isa = PBXSourcesBuildPhase;
			buildActionMask = 2147483647;
			files = (
				3AC63BDD276005DF009F21B0 /*  LandmarkRow.swift in Sources */,
				3AC63BF12760EA14009F21B0 /* Badge.swift in Sources */,
				3AC63BA4275FAF8C009F21B0 /* ContentView.swift in Sources */,
				3AC63BD0275FF7E7009F21B0 /* Mapview.swift in Sources */,
				3AC63BE32760D813009F21B0 /* FavoriteButton.swift in Sources */,
				3AC63BE92760E5D8009F21B0 /* HexagonParameters.swift in Sources */,
				3AC63BEF2760E9A8009F21B0 /* RotatedBadgeSymbol.swift in Sources */,
				3AC63BED2760E909009F21B0 /* BadgeSymbol.swift in Sources */,
				3AC63BDF27600915009F21B0 /* LandmarkList.swift in Sources */,
				3AC63BE127600D63009F21B0 /* LandmarkDetail.swift in Sources */,
				3AC63BEB2760E681009F21B0 /* BadgeBackground.swift in Sources */,
				3AC63BD4276003A0009F21B0 /*  ModelData.swift in Sources */,
				3AC63BA2275FAF8C009F21B0 /* LandmarksApp.swift in Sources */,
				3AC63BCE275FE32E009F21B0 /* CircleImage.swift in Sources */,
				3AC63BD2276001D8009F21B0 /* Landmark.swift in Sources */,
			);
			runOnlyForDeploymentPostprocessing = 0;
		};
		3AC63BAA275FAF92009F21B0 /* Sources */ = {
			isa = PBXSourcesBuildPhase;
			buildActionMask = 2147483647;
			files = (
				3AC63BB3275FAF92009F21B0 /* LandmarksTests.swift in Sources */,
			);
			runOnlyForDeploymentPostprocessing = 0;
		};
		3AC63BB4275FAF92009F21B0 /* Sources */ = {
			isa = PBXSourcesBuildPhase;
			buildActionMask = 2147483647;
			files = (
				3AC63BBF275FAF92009F21B0 /* LandmarksUITestsLaunchTests.swift in Sources */,
				3AC63BBD275FAF92009F21B0 /* LandmarksUITests.swift in Sources */,
			);
			runOnlyForDeploymentPostprocessing = 0;
		};
/* End PBXSourcesBuildPhase section */

/* Begin PBXTargetDependency section */
		3AC63BB0275FAF92009F21B0 /* PBXTargetDependency */ = {
			isa = PBXTargetDependency;
			target = 3AC63B9D275FAF8C009F21B0 /* Landmarks */;
			targetProxy = 3AC63BAF275FAF92009F21B0 /* PBXContainerItemProxy */;
		};
		3AC63BBA275FAF92009F21B0 /* PBXTargetDependency */ = {
			isa = PBXTargetDependency;
			target = 3AC63B9D275FAF8C009F21B0 /* Landmarks */;
			targetProxy = 3AC63BB9275FAF92009F21B0 /* PBXContainerItemProxy */;
		};
/* End PBXTargetDependency section */

/* Begin XCBuildConfiguration section */
		3AC63BC0275FAF92009F21B0 /* Debug */ = {
			isa = XCBuildConfiguration;
			buildSettings = {
				ALWAYS_SEARCH_USER_PATHS = NO;
				CLANG_ANALYZER_NONNULL = YES;
				CLANG_ANALYZER_NUMBER_OBJECT_CONVERSION = YES_AGGRESSIVE;
				CLANG_CXX_LANGUAGE_STANDARD = "gnu++17";
				CLANG_CXX_LIBRARY = "libc++";
				CLANG_ENABLE_MODULES = YES;
				CLANG_ENABLE_OBJC_ARC = YES;
				CLANG_ENABLE_OBJC_WEAK = YES;
				CLANG_WARN_BLOCK_CAPTURE_AUTORELEASING = YES;
				CLANG_WARN_BOOL_CONVERSION = YES;
				CLANG_WARN_COMMA = YES;
				CLANG_WARN_CONSTANT_CONVERSION = YES;
				CLANG_WARN_DEPRECATED_OBJC_IMPLEMENTATIONS = YES;
				CLANG_WARN_DIRECT_OBJC_ISA_USAGE = YES_ERROR;
				CLANG_WARN_DOCUMENTATION_COMMENTS = YES;
				CLANG_WARN_EMPTY_BODY = YES;
				CLANG_WARN_ENUM_CONVERSION = YES;
				CLANG_WARN_INFINITE_RECURSION = YES;
				CLANG_WARN_INT_CONVERSION = YES;
				CLANG_WARN_NON_LITERAL_NULL_CONVERSION = YES;
				CLANG_WARN_OBJC_IMPLICIT_RETAIN_SELF = YES;
				CLANG_WARN_OBJC_LITERAL_CONVERSION = YES;
				CLANG_WARN_OBJC_ROOT_CLASS = YES_ERROR;
				CLANG_WARN_QUOTED_INCLUDE_IN_FRAMEWORK_HEADER = YES;
				CLANG_WARN_RANGE_LOOP_ANALYSIS = YES;
				CLANG_WARN_STRICT_PROTOTYPES = YES;
				CLANG_WARN_SUSPICIOUS_MOVE = YES;
				CLANG_WARN_UNGUARDED_AVAILABILITY = YES_AGGRESSIVE;
				CLANG_WARN_UNREACHABLE_CODE = YES;
				CLANG_WARN__DUPLICATE_METHOD_MATCH = YES;
				COPY_PHASE_STRIP = NO;
				DEBUG_INFORMATION_FORMAT = dwarf;
				ENABLE_STRICT_OBJC_MSGSEND = YES;
				ENABLE_TESTABILITY = YES;
				GCC_C_LANGUAGE_STANDARD = gnu11;
				GCC_DYNAMIC_NO_PIC = NO;
				GCC_NO_COMMON_BLOCKS = YES;
				GCC_OPTIMIZATION_LEVEL = 0;
				GCC_PREPROCESSOR_DEFINITIONS = (
					"DEBUG=1",
					"$(inherited)",
				);
				GCC_WARN_64_TO_32_BIT_CONVERSION = YES;
				GCC_WARN_ABOUT_RETURN_TYPE = YES_ERROR;
				GCC_WARN_UNDECLARED_SELECTOR = YES;
				GCC_WARN_UNINITIALIZED_AUTOS = YES_AGGRESSIVE;
				GCC_WARN_UNUSED_FUNCTION = YES;
				GCC_WARN_UNUSED_VARIABLE = YES;
				IPHONEOS_DEPLOYMENT_TARGET = 15.0;
				MTL_ENABLE_DEBUG_INFO = INCLUDE_SOURCE;
				MTL_FAST_MATH = YES;
				ONLY_ACTIVE_ARCH = YES;
				SDKROOT = iphoneos;
				SWIFT_ACTIVE_COMPILATION_CONDITIONS = DEBUG;
				SWIFT_OPTIMIZATION_LEVEL = "-Onone";
			};
			name = Debug;
		};
		3AC63BC1275FAF92009F21B0 /* Release */ = {
			isa = XCBuildConfiguration;
			buildSettings = {
				ALWAYS_SEARCH_USER_PATHS = NO;
				CLANG_ANALYZER_NONNULL = YES;
				CLANG_ANALYZER_NUMBER_OBJECT_CONVERSION = YES_AGGRESSIVE;
				CLANG_CXX_LANGUAGE_STANDARD = "gnu++17";
				CLANG_CXX_LIBRARY = "libc++";
				CLANG_ENABLE_MODULES = YES;
				CLANG_ENABLE_OBJC_ARC = YES;
				CLANG_ENABLE_OBJC_WEAK = YES;
				CLANG_WARN_BLOCK_CAPTURE_AUTORELEASING = YES;
				CLANG_WARN_BOOL_CONVERSION = YES;
				CLANG_WARN_COMMA = YES;
				CLANG_WARN_CONSTANT_CONVERSION = YES;
				CLANG_WARN_DEPRECATED_OBJC_IMPLEMENTATIONS = YES;
				CLANG_WARN_DIRECT_OBJC_ISA_USAGE = YES_ERROR;
				CLANG_WARN_DOCUMENTATION_COMMENTS = YES;
				CLANG_WARN_EMPTY_BODY = YES;
				CLANG_WARN_ENUM_CONVERSION = YES;
				CLANG_WARN_INFINITE_RECURSION = YES;
				CLANG_WARN_INT_CONVERSION = YES;
				CLANG_WARN_NON_LITERAL_NULL_CONVERSION = YES;
				CLANG_WARN_OBJC_IMPLICIT_RETAIN_SELF = YES;
				CLANG_WARN_OBJC_LITERAL_CONVERSION = YES;
				CLANG_WARN_OBJC_ROOT_CLASS = YES_ERROR;
				CLANG_WARN_QUOTED_INCLUDE_IN_FRAMEWORK_HEADER = YES;
				CLANG_WARN_RANGE_LOOP_ANALYSIS = YES;
				CLANG_WARN_STRICT_PROTOTYPES = YES;
				CLANG_WARN_SUSPICIOUS_MOVE = YES;
				CLANG_WARN_UNGUARDED_AVAILABILITY = YES_AGGRESSIVE;
				CLANG_WARN_UNREACHABLE_CODE = YES;
				CLANG_WARN__DUPLICATE_METHOD_MATCH = YES;
				COPY_PHASE_STRIP = NO;
				DEBUG_INFORMATION_FORMAT = "dwarf-with-dsym";
				ENABLE_NS_ASSERTIONS = NO;
				ENABLE_STRICT_OBJC_MSGSEND = YES;
				GCC_C_LANGUAGE_STANDARD = gnu11;
				GCC_NO_COMMON_BLOCKS = YES;
				GCC_WARN_64_TO_32_BIT_CONVERSION = YES;
				GCC_WARN_ABOUT_RETURN_TYPE = YES_ERROR;
				GCC_WARN_UNDECLARED_SELECTOR = YES;
				GCC_WARN_UNINITIALIZED_AUTOS = YES_AGGRESSIVE;
				GCC_WARN_UNUSED_FUNCTION = YES;
				GCC_WARN_UNUSED_VARIABLE = YES;
				IPHONEOS_DEPLOYMENT_TARGET = 15.0;
				MTL_ENABLE_DEBUG_INFO = NO;
				MTL_FAST_MATH = YES;
				SDKROOT = iphoneos;
				SWIFT_COMPILATION_MODE = wholemodule;
				SWIFT_OPTIMIZATION_LEVEL = "-O";
				VALIDATE_PRODUCT = YES;
			};
			name = Release;
		};
		3AC63BC3275FAF92009F21B0 /* Debug */ = {
			isa = XCBuildConfiguration;
			buildSettings = {
				ASSETCATALOG_COMPILER_APPICON_NAME = AppIcon;
				ASSETCATALOG_COMPILER_GLOBAL_ACCENT_COLOR_NAME = AccentColor;
				CODE_SIGN_STYLE = Automatic;
				CURRENT_PROJECT_VERSION = 1;
				DEVELOPMENT_ASSET_PATHS = "\"Landmarks/Preview Content\"";
				ENABLE_PREVIEWS = YES;
				GENERATE_INFOPLIST_FILE = YES;
				INFOPLIST_KEY_UIApplicationSceneManifest_Generation = YES;
				INFOPLIST_KEY_UIApplicationSupportsIndirectInputEvents = YES;
				INFOPLIST_KEY_UILaunchScreen_Generation = YES;
				INFOPLIST_KEY_UISupportedInterfaceOrientations_iPad = "UIInterfaceOrientationPortrait UIInterfaceOrientationPortraitUpsideDown UIInterfaceOrientationLandscapeLeft UIInterfaceOrientationLandscapeRight";
				INFOPLIST_KEY_UISupportedInterfaceOrientations_iPhone = "UIInterfaceOrientationPortrait UIInterfaceOrientationLandscapeLeft UIInterfaceOrientationLandscapeRight";
				LD_RUNPATH_SEARCH_PATHS = (
					"$(inherited)",
					"@executable_path/Frameworks",
				);
				MARKETING_VERSION = 1.0;
				PRODUCT_BUNDLE_IDENTIFIER = Laure.Landmarks;
				PRODUCT_NAME = "$(TARGET_NAME)";
				SWIFT_EMIT_LOC_STRINGS = YES;
				SWIFT_VERSION = 5.0;
				TARGETED_DEVICE_FAMILY = "1,2";
			};
			name = Debug;
		};
		3AC63BC4275FAF92009F21B0 /* Release */ = {
			isa = XCBuildConfiguration;
			buildSettings = {
				ASSETCATALOG_COMPILER_APPICON_NAME = AppIcon;
				ASSETCATALOG_COMPILER_GLOBAL_ACCENT_COLOR_NAME = AccentColor;
				CODE_SIGN_STYLE = Automatic;
				CURRENT_PROJECT_VERSION = 1;
				DEVELOPMENT_ASSET_PATHS = "\"Landmarks/Preview Content\"";
				ENABLE_PREVIEWS = YES;
				GENERATE_INFOPLIST_FILE = YES;
				INFOPLIST_KEY_UIApplicationSceneManifest_Generation = YES;
				INFOPLIST_KEY_UIApplicationSupportsIndirectInputEvents = YES;
				INFOPLIST_KEY_UILaunchScreen_Generation = YES;
				INFOPLIST_KEY_UISupportedInterfaceOrientations_iPad = "UIInterfaceOrientationPortrait UIInterfaceOrientationPortraitUpsideDown UIInterfaceOrientationLandscapeLeft UIInterfaceOrientationLandscapeRight";
				INFOPLIST_KEY_UISupportedInterfaceOrientations_iPhone = "UIInterfaceOrientationPortrait UIInterfaceOrientationLandscapeLeft UIInterfaceOrientationLandscapeRight";
				LD_RUNPATH_SEARCH_PATHS = (
					"$(inherited)",
					"@executable_path/Frameworks",
				);
				MARKETING_VERSION = 1.0;
				PRODUCT_BUNDLE_IDENTIFIER = Laure.Landmarks;
				PRODUCT_NAME = "$(TARGET_NAME)";
				SWIFT_EMIT_LOC_STRINGS = YES;
				SWIFT_VERSION = 5.0;
				TARGETED_DEVICE_FAMILY = "1,2";
			};
			name = Release;
		};
		3AC63BC6275FAF92009F21B0 /* Debug */ = {
			isa = XCBuildConfiguration;
			buildSettings = {
				ALWAYS_EMBED_SWIFT_STANDARD_LIBRARIES = YES;
				BUNDLE_LOADER = "$(TEST_HOST)";
				CODE_SIGN_STYLE = Automatic;
				CURRENT_PROJECT_VERSION = 1;
				GENERATE_INFOPLIST_FILE = YES;
				IPHONEOS_DEPLOYMENT_TARGET = 15.0;
				LD_RUNPATH_SEARCH_PATHS = (
					"$(inherited)",
					"@executable_path/Frameworks",
					"@loader_path/Frameworks",
				);
				MARKETING_VERSION = 1.0;
				PRODUCT_BUNDLE_IDENTIFIER = Laure.LandmarksTests;
				PRODUCT_NAME = "$(TARGET_NAME)";
				SWIFT_EMIT_LOC_STRINGS = NO;
				SWIFT_VERSION = 5.0;
				TARGETED_DEVICE_FAMILY = "1,2";
				TEST_HOST = "$(BUILT_PRODUCTS_DIR)/Landmarks.app/Landmarks";
			};
			name = Debug;
		};
		3AC63BC7275FAF92009F21B0 /* Release */ = {
			isa = XCBuildConfiguration;
			buildSettings = {
				ALWAYS_EMBED_SWIFT_STANDARD_LIBRARIES = YES;
				BUNDLE_LOADER = "$(TEST_HOST)";
				CODE_SIGN_STYLE = Automatic;
				CURRENT_PROJECT_VERSION = 1;
				GENERATE_INFOPLIST_FILE = YES;
				IPHONEOS_DEPLOYMENT_TARGET = 15.0;
				LD_RUNPATH_SEARCH_PATHS = (
					"$(inherited)",
					"@executable_path/Frameworks",
					"@loader_path/Frameworks",
				);
				MARKETING_VERSION = 1.0;
				PRODUCT_BUNDLE_IDENTIFIER = Laure.LandmarksTests;
				PRODUCT_NAME = "$(TARGET_NAME)";
				SWIFT_EMIT_LOC_STRINGS = NO;
				SWIFT_VERSION = 5.0;
				TARGETED_DEVICE_FAMILY = "1,2";
				TEST_HOST = "$(BUILT_PRODUCTS_DIR)/Landmarks.app/Landmarks";
			};
			name = Release;
		};
		3AC63BC9275FAF92009F21B0 /* Debug */ = {
			isa = XCBuildConfiguration;
			buildSettings = {
				ALWAYS_EMBED_SWIFT_STANDARD_LIBRARIES = YES;
				CODE_SIGN_STYLE = Automatic;
				CURRENT_PROJECT_VERSION = 1;
				GENERATE_INFOPLIST_FILE = YES;
				LD_RUNPATH_SEARCH_PATHS = (
					"$(inherited)",
					"@executable_path/Frameworks",
					"@loader_path/Frameworks",
				);
				MARKETING_VERSION = 1.0;
				PRODUCT_BUNDLE_IDENTIFIER = Laure.LandmarksUITests;
				PRODUCT_NAME = "$(TARGET_NAME)";
				SWIFT_EMIT_LOC_STRINGS = NO;
				SWIFT_VERSION = 5.0;
				TARGETED_DEVICE_FAMILY = "1,2";
				TEST_TARGET_NAME = Landmarks;
			};
			name = Debug;
		};
		3AC63BCA275FAF92009F21B0 /* Release */ = {
			isa = XCBuildConfiguration;
			buildSettings = {
				ALWAYS_EMBED_SWIFT_STANDARD_LIBRARIES = YES;
				CODE_SIGN_STYLE = Automatic;
				CURRENT_PROJECT_VERSION = 1;
				GENERATE_INFOPLIST_FILE = YES;
				LD_RUNPATH_SEARCH_PATHS = (
					"$(inherited)",
					"@executable_path/Frameworks",
					"@loader_path/Frameworks",
				);
				MARKETING_VERSION = 1.0;
				PRODUCT_BUNDLE_IDENTIFIER = Laure.LandmarksUITests;
				PRODUCT_NAME = "$(TARGET_NAME)";
				SWIFT_EMIT_LOC_STRINGS = NO;
				SWIFT_VERSION = 5.0;
				TARGETED_DEVICE_FAMILY = "1,2";
				TEST_TARGET_NAME = Landmarks;
			};
			name = Release;
		};
/* End XCBuildConfiguration section */

/* Begin XCConfigurationList section */
		3AC63B99275FAF8C009F21B0 /* Build configuration list for PBXProject "Landmarks" */ = {
			isa = XCConfigurationList;
			buildConfigurations = (
				3AC63BC0275FAF92009F21B0 /* Debug */,
				3AC63BC1275FAF92009F21B0 /* Release */,
			);
			defaultConfigurationIsVisible = 0;
			defaultConfigurationName = Release;
		};
		3AC63BC2275FAF92009F21B0 /* Build configuration list for PBXNativeTarget "Landmarks" */ = {
			isa = XCConfigurationList;
			buildConfigurations = (
				3AC63BC3275FAF92009F21B0 /* Debug */,
				3AC63BC4275FAF92009F21B0 /* Release */,
			);
			defaultConfigurationIsVisible = 0;
			defaultConfigurationName = Release;
		};
		3AC63BC5275FAF92009F21B0 /* Build configuration list for PBXNativeTarget "LandmarksTests" */ = {
			isa = XCConfigurationList;
			buildConfigurations = (
				3AC63BC6275FAF92009F21B0 /* Debug */,
				3AC63BC7275FAF92009F21B0 /* Release */,
			);
			defaultConfigurationIsVisible = 0;
			defaultConfigurationName = Release;
		};
		3AC63BC8275FAF92009F21B0 /* Build configuration list for PBXNativeTarget "LandmarksUITests" */ = {
			isa = XCConfigurationList;
			buildConfigurations = (
				3AC63BC9275FAF92009F21B0 /* Debug */,
				3AC63BCA275FAF92009F21B0 /* Release */,
			);
			defaultConfigurationIsVisible = 0;
			defaultConfigurationName = Release;
		};
/* End XCConfigurationList section */
	};
	rootObject = 3AC63B96275FAF8C009F21B0 /* Project object */;
}
